lockfileVersion: 5.4

specifiers:
  '@tweakpane/core': ^2.0.4
  '@tweenjs/tween.js': ^25.0.0
  '@types/lodash-es': ^4.17.12
  lodash-es: ^4.17.21
  pixi.js: 7.2.4
  tweakpane: ^4.0.4

dependencies:
  '@tweenjs/tween.js': 25.0.0
  lodash-es: 4.17.21
  pixi.js: 7.2.4
  tweakpane: 4.0.4

devDependencies:
  '@tweakpane/core': 2.0.4
  '@types/lodash-es': 4.17.12

packages:

  /@pixi/accessibility/7.2.4_apmmhdndg7szcc4swgeztfmmb4:
    resolution: {integrity: sha512-EVjuqUqv9FeYFXCv0S0qj1hgCtbAMNBPCbOGEtiMogpM++/IySxBZvcOYg3rRgo9inwt2s4Bi7kUiqMPD8hItw==}
    peerDependencies:
      '@pixi/core': 7.2.4
      '@pixi/display': 7.2.4
      '@pixi/events': 7.2.4
    dependencies:
      '@pixi/core': 7.2.4
      '@pixi/display': 7.2.4_@pixi+core@7.2.4
      '@pixi/events': 7.2.4_itsaoqwq56fcz2brnb773dvv24
    dev: false

  /@pixi/app/7.2.4_itsaoqwq56fcz2brnb773dvv24:
    resolution: {integrity: sha512-eJ2jpu5P28ip07nLItw6sETXn45P4KR/leMJ6zPHRlhT1m8t5zTsWr3jK4Uj8LF2E+6KlPNzLQh5Alf/unn/aQ==}
    peerDependencies:
      '@pixi/core': 7.2.4
      '@pixi/display': 7.2.4
    dependencies:
      '@pixi/core': 7.2.4
      '@pixi/display': 7.2.4_@pixi+core@7.2.4
    dev: false

  /@pixi/assets/7.2.4_@pixi+core@7.2.4:
    resolution: {integrity: sha512-7199re3wvMAlVqXLaCyAr8IkJSXqkeVAxcYyB2rBu4Id5m2hhlGX1dQsdMBiCXLwu6/LLVqDvJggSNVQBzL6ZQ==}
    peerDependencies:
      '@pixi/core': 7.2.4
      '@pixi/utils': 7.2.4
    dependencies:
      '@pixi/core': 7.2.4
      '@types/css-font-loading-module': 0.0.7
    dev: false

  /@pixi/color/7.2.4:
    resolution: {integrity: sha512-B/+9JRcXe2uE8wQfsueFRPZVayF2VEMRB7XGeRAsWCryOX19nmWhv0Nt3nOU2rvzI0niz9XgugJXsB6vVmDFSg==}
    dependencies:
      colord: 2.9.3
    dev: false

  /@pixi/compressed-textures/7.2.4_aghqcd5tse5cazfsjow2c4mnti:
    resolution: {integrity: sha512-atnWyw/ot/Wg69qhgskKiuTYCZx15IxV35sa0KyXMthyjyvDLCIvOn0nczM6wCBy9H96SjJbfgynVWhVrip6qw==}
    peerDependencies:
      '@pixi/assets': 7.2.4
      '@pixi/core': 7.2.4
    dependencies:
      '@pixi/assets': 7.2.4_@pixi+core@7.2.4
      '@pixi/core': 7.2.4
    dev: false

  /@pixi/constants/7.2.4:
    resolution: {integrity: sha512-hKuHBWR6N4Q0Sf5MGF3/9l+POg/G5rqhueHfzofiuelnKg7aBs3BVjjZ+6hZbd6M++vOUmxYelEX/NEFBxrheA==}
    dev: false

  /@pixi/core/7.2.4:
    resolution: {integrity: sha512-0XtvrfxHlS2T+beBBSpo7GI8+QLyyTqMVQpNmPqB4woYxzrOEJ9JaUFBaBfCvycLeUkfVih1u6HAbtF+2d1EjQ==}
    dependencies:
      '@pixi/color': 7.2.4
      '@pixi/constants': 7.2.4
      '@pixi/extensions': 7.2.4
      '@pixi/math': 7.2.4
      '@pixi/runner': 7.2.4
      '@pixi/settings': 7.2.4
      '@pixi/ticker': 7.2.4
      '@pixi/utils': 7.2.4
      '@types/offscreencanvas': 2019.7.3
    dev: false

  /@pixi/display/7.2.4_@pixi+core@7.2.4:
    resolution: {integrity: sha512-w5tqb8cWEO5qIDaO9GEqRvxYhL0iMk0Wsngw23bbLm1gLEQmrFkB2tpJlRAqd7H82C3DrDDeWvkrrxW6+m4apg==}
    peerDependencies:
      '@pixi/core': 7.2.4
    dependencies:
      '@pixi/core': 7.2.4
    dev: false

  /@pixi/events/7.2.4_itsaoqwq56fcz2brnb773dvv24:
    resolution: {integrity: sha512-/JtmoB98fzIU8giN9xvlRvmvOi6u4MaD2DnKNOMHkQ1MBraj3pmrXM9fZ0JbNzi+324GraAAY76QidgHjIYoYQ==}
    peerDependencies:
      '@pixi/core': 7.2.4
      '@pixi/display': 7.2.4
    dependencies:
      '@pixi/core': 7.2.4
      '@pixi/display': 7.2.4_@pixi+core@7.2.4
    dev: false

  /@pixi/extensions/7.2.4:
    resolution: {integrity: sha512-Mnqv9scbL1ARD3QFKfOWs2aSVJJfP1dL8g5UiqGImYO3rZbz/9QCzXOeMVIZ5n3iaRyKMNhFFr84/zUja2H7Dw==}
    dev: false

  /@pixi/extract/7.2.4_@pixi+core@7.2.4:
    resolution: {integrity: sha512-wlXZg+J2L/1jQhRi5nZQP/cXshovhjksjss91eAKMvY5aGxNAQovCP4xotJ/XJjfTvPMpeRzHPFYzm3PrOPQ7g==}
    peerDependencies:
      '@pixi/core': 7.2.4
    dependencies:
      '@pixi/core': 7.2.4
    dev: false

  /@pixi/filter-alpha/7.2.4_@pixi+core@7.2.4:
    resolution: {integrity: sha512-UTUMSGyktUr+I9vmigqJo9iUhb0nwGyqTTME2xBWZvVGCnl5z+/wHxvIBBCe5pNZ66IM15pGXQ4cDcfqCuP2kA==}
    peerDependencies:
      '@pixi/core': 7.2.4
    dependencies:
      '@pixi/core': 7.2.4
    dev: false

  /@pixi/filter-blur/7.2.4_@pixi+core@7.2.4:
    resolution: {integrity: sha512-aLyXIoxy14bTansCPtbY8x7Sdn2OrrqkF/pcKiRXHJGGhi7wPacvB/NcmYJdnI/n2ExQ6V5Njuj/nfrsejVwcA==}
    peerDependencies:
      '@pixi/core': 7.2.4
    dependencies:
      '@pixi/core': 7.2.4
    dev: false

  /@pixi/filter-color-matrix/7.2.4_@pixi+core@7.2.4:
    resolution: {integrity: sha512-DFtayybYXoUh73eHUFRK5REbi1t3FZuVUnaQTj+euHKF9L7EaYc3Q9wctpx1WPRcwkqEX50M4SNFhxpA7Pxtaw==}
    peerDependencies:
      '@pixi/core': 7.2.4
    dependencies:
      '@pixi/core': 7.2.4
    dev: false

  /@pixi/filter-displacement/7.2.4_@pixi+core@7.2.4:
    resolution: {integrity: sha512-Simq3IBJKt7+Gvk4kK7OFkfoeYUMhNhIyATCdeT+Jkdkq5WV7pYnH5hqO0YW7eAHrgjV13yn6t4H/GC4+6LhEA==}
    peerDependencies:
      '@pixi/core': 7.2.4
    dependencies:
      '@pixi/core': 7.2.4
    dev: false

  /@pixi/filter-fxaa/7.2.4_@pixi+core@7.2.4:
    resolution: {integrity: sha512-qzKjdL+Ih18uGTJLg8tT/H+YCsTeGkw2uF7lyKnw/lxGLJQhLWIhM95M9qSNgxbXyW1vp7SbG81a9aAEz2HAhA==}
    peerDependencies:
      '@pixi/core': 7.2.4
    dependencies:
      '@pixi/core': 7.2.4
    dev: false

  /@pixi/filter-noise/7.2.4_@pixi+core@7.2.4:
    resolution: {integrity: sha512-QAU9Ybj2ZQrWM9ZEjTTC0iLnQcuyNoZNRinxSbg1G0yacpmsSb9wvV5ltIZ66+hfY+90+u2Nudt/v9g6pvOdGg==}
    peerDependencies:
      '@pixi/core': 7.2.4
    dependencies:
      '@pixi/core': 7.2.4
    dev: false

  /@pixi/graphics/7.2.4_egijvkz2mf6h4shwf5d3fpgilu:
    resolution: {integrity: sha512-3A2EumTjWJgXlDLOyuBrl9b6v1Za/E+/IjOGUIX843HH4NYaf1a2sfDfljx6r3oiDvy+VhuBFmgynRcV5IyA0Q==}
    peerDependencies:
      '@pixi/core': 7.2.4
      '@pixi/display': 7.2.4
      '@pixi/sprite': 7.2.4
    dependencies:
      '@pixi/core': 7.2.4
      '@pixi/display': 7.2.4_@pixi+core@7.2.4
      '@pixi/sprite': 7.2.4_itsaoqwq56fcz2brnb773dvv24
    dev: false

  /@pixi/math/7.2.4:
    resolution: {integrity: sha512-LJB+mozyEPllxa0EssFZrKNfVwysfaBun4b2dJKQQInp0DafgbA0j7A+WVg0oe51KhFULTJMpDqbLn/ITFc41A==}
    dev: false

  /@pixi/mesh-extras/7.2.4_n7n5oqwl6kgh5ivuymthtudfje:
    resolution: {integrity: sha512-Lxqq/1E2EmDgjZX8KzjhBy3VvITIQ00arr2ikyHYF1d0XtQTKEYpr8VKzhchqZ5/9DuyTDbDMYGhcxoNXQmZrQ==}
    peerDependencies:
      '@pixi/core': 7.2.4
      '@pixi/mesh': 7.2.4
    dependencies:
      '@pixi/core': 7.2.4
      '@pixi/mesh': 7.2.4_itsaoqwq56fcz2brnb773dvv24
    dev: false

  /@pixi/mesh/7.2.4_itsaoqwq56fcz2brnb773dvv24:
    resolution: {integrity: sha512-wiALIqcRKib2BqeH9kOA5fOKWN352nqAspgbDa8gA7OyWzmNwqIedIlElixd0oLFOrIN5jOZAdzeKnoYQlt9Aw==}
    peerDependencies:
      '@pixi/core': 7.2.4
      '@pixi/display': 7.2.4
    dependencies:
      '@pixi/core': 7.2.4
      '@pixi/display': 7.2.4_@pixi+core@7.2.4
    dev: false

  /@pixi/mixin-cache-as-bitmap/7.2.4_egijvkz2mf6h4shwf5d3fpgilu:
    resolution: {integrity: sha512-95L/9nzfLHw6GoeqqRl/RjSloKvRt0xrc2inCmjMZvMsFUEtHN2F8IWd1k5vcv0S+83NCreFkJg6nJm1m5AZqg==}
    peerDependencies:
      '@pixi/core': 7.2.4
      '@pixi/display': 7.2.4
      '@pixi/sprite': 7.2.4
    dependencies:
      '@pixi/core': 7.2.4
      '@pixi/display': 7.2.4_@pixi+core@7.2.4
      '@pixi/sprite': 7.2.4_itsaoqwq56fcz2brnb773dvv24
    dev: false

  /@pixi/mixin-get-child-by-name/7.2.4_@pixi+display@7.2.4:
    resolution: {integrity: sha512-9g17KgSBEEhkinnKk4dqmxagzHOCPSTvGB6lOopBq4yyXmr/2WVv+QGjuzE0O+p80szQeBJjPBQxzrfBILaSRw==}
    peerDependencies:
      '@pixi/display': 7.2.4
    dependencies:
      '@pixi/display': 7.2.4_@pixi+core@7.2.4
    dev: false

  /@pixi/mixin-get-global-position/7.2.4_itsaoqwq56fcz2brnb773dvv24:
    resolution: {integrity: sha512-UrAUF2BXCeWtFgR2m+er41Ky7zShT7r228cZkB6ZfYwMeThhwqG5mH68UeCyP6p68JMpT1gjI2DPfeSRY3ecnA==}
    peerDependencies:
      '@pixi/core': 7.2.4
      '@pixi/display': 7.2.4
    dependencies:
      '@pixi/core': 7.2.4
      '@pixi/display': 7.2.4_@pixi+core@7.2.4
    dev: false

  /@pixi/particle-container/7.2.4_egijvkz2mf6h4shwf5d3fpgilu:
    resolution: {integrity: sha512-tpSzilZGFtAoi8XhzL0TecLPNRQAbY8nWV9XNGXJDw+nxXp18GCe8L6eEmnHLlAug67BRHl65DtrdvTknPX+4g==}
    peerDependencies:
      '@pixi/core': 7.2.4
      '@pixi/display': 7.2.4
      '@pixi/sprite': 7.2.4
    dependencies:
      '@pixi/core': 7.2.4
      '@pixi/display': 7.2.4_@pixi+core@7.2.4
      '@pixi/sprite': 7.2.4_itsaoqwq56fcz2brnb773dvv24
    dev: false

  /@pixi/prepare/7.2.4_fce7w7a3bxhcl7pwxsiqqk5t2a:
    resolution: {integrity: sha512-Yff5Sh4kTLdKc5VkkM44LW9gpj7Izw8ns3P1TzWxqeGjzPZ3folr/tQujGL+Qw+8A9VESp+hX9MSIHyw+jpyrg==}
    peerDependencies:
      '@pixi/core': 7.2.4
      '@pixi/display': 7.2.4
      '@pixi/graphics': 7.2.4
      '@pixi/text': 7.2.4
    dependencies:
      '@pixi/core': 7.2.4
      '@pixi/display': 7.2.4_@pixi+core@7.2.4
      '@pixi/graphics': 7.2.4_egijvkz2mf6h4shwf5d3fpgilu
      '@pixi/text': 7.2.4_g5gcporgeyvj6eoj7ipdn3ry3a
    dev: false

  /@pixi/runner/7.2.4:
    resolution: {integrity: sha512-YtyqPk1LA+0guEFKSFx6t/YSvbEQwajFwi4Ft8iDhioa6VK2MmTir1GjWwy7JQYLcDmYSAcQjnmFtVTZohyYSw==}
    dev: false

  /@pixi/settings/7.2.4:
    resolution: {integrity: sha512-ZPKRar9EwibijGmH8EViu4Greq1I/O7V/xQx2rNqN23XA7g09Qo6yfaeQpufu5xl8+/lZrjuHtQSnuY7OgG1CA==}
    dependencies:
      '@pixi/constants': 7.2.4
      '@types/css-font-loading-module': 0.0.7
      ismobilejs: 1.1.1
    dev: false

  /@pixi/sprite-animated/7.2.4_g5gcporgeyvj6eoj7ipdn3ry3a:
    resolution: {integrity: sha512-9eRriPSC0QVS7U9zQlrG3uEI5+h3fi+mqofXy+yjk1sGCmXSIJME5p2wg2mzxoJk3qkSMagQA9QHtL26Fti8Iw==}
    peerDependencies:
      '@pixi/core': 7.2.4
      '@pixi/sprite': 7.2.4
    dependencies:
      '@pixi/core': 7.2.4
      '@pixi/sprite': 7.2.4_itsaoqwq56fcz2brnb773dvv24
    dev: false

  /@pixi/sprite-tiling/7.2.4_egijvkz2mf6h4shwf5d3fpgilu:
    resolution: {integrity: sha512-nGfxQoACRx49dUN0oW1vFm3141M+7gkAbzoNJym2Pljd2dpLME9fb5E6Lyahu0yWMaPRhhGorn6z9VIGmTF3Jw==}
    peerDependencies:
      '@pixi/core': 7.2.4
      '@pixi/display': 7.2.4
      '@pixi/sprite': 7.2.4
    dependencies:
      '@pixi/core': 7.2.4
      '@pixi/display': 7.2.4_@pixi+core@7.2.4
      '@pixi/sprite': 7.2.4_itsaoqwq56fcz2brnb773dvv24
    dev: false

  /@pixi/sprite/7.2.4_itsaoqwq56fcz2brnb773dvv24:
    resolution: {integrity: sha512-DhR1B+/d0eXpxHIesJMXcVPrKFwQ+zRA1LvEIFfzewqfaRN3X6PMIuoKX8SIb6tl+Hq8Ba9Pe28zI7d2rmRzrA==}
    peerDependencies:
      '@pixi/core': 7.2.4
      '@pixi/display': 7.2.4
    dependencies:
      '@pixi/core': 7.2.4
      '@pixi/display': 7.2.4_@pixi+core@7.2.4
    dev: false

  /@pixi/spritesheet/7.2.4_aghqcd5tse5cazfsjow2c4mnti:
    resolution: {integrity: sha512-LNmlavyiMQeCF0U4S+yhzxUYmPmat6EpLjLnkGukQTZV5CZkxDCVgXM9uKoRF2DvNydj4yuwZ6+JjK8QssHI8Q==}
    peerDependencies:
      '@pixi/assets': 7.2.4
      '@pixi/core': 7.2.4
    dependencies:
      '@pixi/assets': 7.2.4_@pixi+core@7.2.4
      '@pixi/core': 7.2.4
    dev: false

  /@pixi/text-bitmap/7.2.4_dsi4gm5h5qzs5nunlxaa2p7fmq:
    resolution: {integrity: sha512-3u2CP4VN+muCaq/jtj7gn0hb3DET/X2S04zTBcgc2WVGufJc62yz+UDzS9jC+ellotVdt9c8U74++vpz3zJGfw==}
    peerDependencies:
      '@pixi/assets': 7.2.4
      '@pixi/core': 7.2.4
      '@pixi/display': 7.2.4
      '@pixi/mesh': 7.2.4
      '@pixi/text': 7.2.4
    dependencies:
      '@pixi/assets': 7.2.4_@pixi+core@7.2.4
      '@pixi/core': 7.2.4
      '@pixi/display': 7.2.4_@pixi+core@7.2.4
      '@pixi/mesh': 7.2.4_itsaoqwq56fcz2brnb773dvv24
      '@pixi/text': 7.2.4_g5gcporgeyvj6eoj7ipdn3ry3a
    dev: false

  /@pixi/text-html/7.2.4_pfkygx3sh74zn4sfwd3cwz7as4:
    resolution: {integrity: sha512-0NfLAE/w51ZtatxVqLvDS62iO0VLKsSdctqTAVv4Zlgdk9TKJmX1WUucHJboTvbm2SbDjNDGfZ6qXM5nAslIDQ==}
    peerDependencies:
      '@pixi/core': 7.2.4
      '@pixi/display': 7.2.4
      '@pixi/sprite': 7.2.4
      '@pixi/text': 7.2.4
    dependencies:
      '@pixi/core': 7.2.4
      '@pixi/display': 7.2.4_@pixi+core@7.2.4
      '@pixi/sprite': 7.2.4_itsaoqwq56fcz2brnb773dvv24
      '@pixi/text': 7.2.4_g5gcporgeyvj6eoj7ipdn3ry3a
    dev: false

  /@pixi/text/7.2.4_g5gcporgeyvj6eoj7ipdn3ry3a:
    resolution: {integrity: sha512-DGu7ktpe+zHhqR2sG9NsJt4mgvSObv5EqXTtUxD4Z0li1gmqF7uktpLyn5I6vSg1TTEL4TECClRDClVDGiykWw==}
    peerDependencies:
      '@pixi/core': 7.2.4
      '@pixi/sprite': 7.2.4
    dependencies:
      '@pixi/core': 7.2.4
      '@pixi/sprite': 7.2.4_itsaoqwq56fcz2brnb773dvv24
    dev: false

  /@pixi/ticker/7.2.4:
    resolution: {integrity: sha512-hQQHIHvGeFsP4GNezZqjzuhUgNQEVgCH9+qU05UX1Mc5UHC9l6OJnY4VTVhhcHxZjA6RnyaY+1zBxCnoXuazpg==}
    dependencies:
      '@pixi/extensions': 7.2.4
      '@pixi/settings': 7.2.4
      '@pixi/utils': 7.2.4
    dev: false

  /@pixi/utils/7.2.4:
    resolution: {integrity: sha512-VUGQHBOINIS4ePzoqafwxaGPVRTa3oM/mEutIIHbNGI3b+QvSO+1Dnk40M0zcH6Bo+MxQZbOZK5X/wO9oU5+LQ==}
    dependencies:
      '@pixi/color': 7.2.4
      '@pixi/constants': 7.2.4
      '@pixi/settings': 7.2.4
      '@types/earcut': 2.1.4
      earcut: 2.2.4
      eventemitter3: 4.0.7
      url: 0.11.4
    dev: false

  /@tweakpane/core/2.0.4:
    resolution: {integrity: sha512-0P3xcmvjBr8AmqMOEDNYIbkiaPwvQPkj8VeJX+8ZYkpRgWWbNp1HLbld0MDI0WJHdom89osH3MmCDLnWEXKI2w==}
    dev: true

  /@tweenjs/tween.js/25.0.0:
    resolution: {integrity: sha512-XKLA6syeBUaPzx4j3qwMqzzq+V4uo72BnlbOjmuljLrRqdsd3qnzvZZoxvMHZ23ndsRS4aufU6JOZYpCbU6T1A==}
    dev: false

  /@types/css-font-loading-module/0.0.7:
    resolution: {integrity: sha512-nl09VhutdjINdWyXxHWN/w9zlNCfr60JUqJbd24YXUuCwgeL0TpFSdElCwb6cxfB6ybE19Gjj4g0jsgkXxKv1Q==}
    dev: false

  /@types/earcut/2.1.4:
    resolution: {integrity: sha512-qp3m9PPz4gULB9MhjGID7wpo3gJ4bTGXm7ltNDsmOvsPduTeHp8wSW9YckBj3mljeOh4F0m2z/0JKAALRKbmLQ==}
    dev: false

  /@types/lodash-es/4.17.12:
    resolution: {integrity: sha512-0NgftHUcV4v34VhXm8QBSftKVXtbkBG3ViCjs6+eJ5a6y6Mi/jiFGPc1sC7QK+9BFhWrURE3EOggmWaSxL9OzQ==}
    dependencies:
      '@types/lodash': 4.17.7
    dev: true

  /@types/lodash/4.17.7:
    resolution: {integrity: sha512-8wTvZawATi/lsmNu10/j2hk1KEP0IvjubqPE3cu1Xz7xfXXt5oCq3SNUz4fMIP4XGF9Ky+Ue2tBA3hcS7LSBlA==}
    dev: true

  /@types/offscreencanvas/2019.7.3:
    resolution: {integrity: sha512-ieXiYmgSRXUDeOntE1InxjWyvEelZGP63M+cGuquuRLuIKKT1osnkXjxev9B7d1nXSug5vpunx+gNlbVxMlC9A==}
    dev: false

  /call-bind/1.0.7:
    resolution: {integrity: sha512-GHTSNSYICQ7scH7sZ+M2rFopRoLh8t2bLSW6BbgrtLsahOIB5iyAVJf9GjWK3cYTDaMj4XdBpM1cA6pIS0Kv2w==}
    engines: {node: '>= 0.4'}
    dependencies:
      es-define-property: 1.0.0
      es-errors: 1.3.0
      function-bind: 1.1.2
      get-intrinsic: 1.2.4
      set-function-length: 1.2.2
    dev: false

  /colord/2.9.3:
    resolution: {integrity: sha512-jeC1axXpnb0/2nn/Y1LPuLdgXBLH7aDcHu4KEKfqw3CUhX7ZpfBSlPKyqXE6btIgEzfWtrX3/tyBCaCvXvMkOw==}
    dev: false

  /define-data-property/1.1.4:
    resolution: {integrity: sha512-rBMvIzlpA8v6E+SJZoo++HAYqsLrkg7MSfIinMPFhmkorw7X+dOXVJQs+QT69zGkzMyfDnIMN2Wid1+NbL3T+A==}
    engines: {node: '>= 0.4'}
    dependencies:
      es-define-property: 1.0.0
      es-errors: 1.3.0
      gopd: 1.0.1
    dev: false

  /earcut/2.2.4:
    resolution: {integrity: sha512-/pjZsA1b4RPHbeWZQn66SWS8nZZWLQQ23oE3Eam7aroEFGEvwKAsJfZ9ytiEMycfzXWpca4FA9QIOehf7PocBQ==}
    dev: false

  /es-define-property/1.0.0:
    resolution: {integrity: sha512-jxayLKShrEqqzJ0eumQbVhTYQM27CfT1T35+gCgDFoL82JLsXqTJ76zv6A0YLOgEnLUMvLzsDsGIrl8NFpT2gQ==}
    engines: {node: '>= 0.4'}
    dependencies:
      get-intrinsic: 1.2.4
    dev: false

  /es-errors/1.3.0:
    resolution: {integrity: sha512-Zf5H2Kxt2xjTvbJvP2ZWLEICxA6j+hAmMzIlypy4xcBg1vKVnx89Wy0GbS+kf5cwCVFFzdCFh2XSCFNULS6csw==}
    engines: {node: '>= 0.4'}
    dev: false

  /eventemitter3/4.0.7:
    resolution: {integrity: sha512-8guHBZCwKnFhYdHr2ysuRWErTwhoN2X8XELRlrRwpmfeY2jjuUN4taQMsULKUVo1K4DvZl+0pgfyoysHxvmvEw==}
    dev: false

  /function-bind/1.1.2:
    resolution: {integrity: sha512-7XHNxH7qX9xG5mIwxkhumTox/MIRNcOgDrxWsMt2pAr23WHp6MrRlN7FBSFpCpr+oVO0F744iUgR82nJMfG2SA==}
    dev: false

  /get-intrinsic/1.2.4:
    resolution: {integrity: sha512-5uYhsJH8VJBTv7oslg4BznJYhDoRI6waYCxMmCdnTrcCrHA/fCFKoTFz2JKKE0HdDFUF7/oQuhzumXJK7paBRQ==}
    engines: {node: '>= 0.4'}
    dependencies:
      es-errors: 1.3.0
      function-bind: 1.1.2
      has-proto: 1.0.3
      has-symbols: 1.0.3
      hasown: 2.0.2
    dev: false

  /gopd/1.0.1:
    resolution: {integrity: sha512-d65bNlIadxvpb/A2abVdlqKqV563juRnZ1Wtk6s1sIR8uNsXR70xqIzVqxVf1eTqDunwT2MkczEeaezCKTZhwA==}
    dependencies:
      get-intrinsic: 1.2.4
    dev: false

  /has-property-descriptors/1.0.2:
    resolution: {integrity: sha512-55JNKuIW+vq4Ke1BjOTjM2YctQIvCT7GFzHwmfZPGo5wnrgkid0YQtnAleFSqumZm4az3n2BS+erby5ipJdgrg==}
    dependencies:
      es-define-property: 1.0.0
    dev: false

  /has-proto/1.0.3:
    resolution: {integrity: sha512-SJ1amZAJUiZS+PhsVLf5tGydlaVB8EdFpaSO4gmiUKUOxk8qzn5AIy4ZeJUmh22znIdk/uMAUT2pl3FxzVUH+Q==}
    engines: {node: '>= 0.4'}
    dev: false

  /has-symbols/1.0.3:
    resolution: {integrity: sha512-l3LCuF6MgDNwTDKkdYGEihYjt5pRPbEg46rtlmnSPlUbgmB8LOIrKJbYYFBSbnPaJexMKtiPO8hmeRjRz2Td+A==}
    engines: {node: '>= 0.4'}
    dev: false

  /hasown/2.0.2:
    resolution: {integrity: sha512-0hJU9SCPvmMzIBdZFqNPXWa6dqh7WdH0cII9y+CyS8rG3nL48Bclra9HmKhVVUHyPWNH5Y7xDwAB7bfgSjkUMQ==}
    engines: {node: '>= 0.4'}
    dependencies:
      function-bind: 1.1.2
    dev: false

  /ismobilejs/1.1.1:
    resolution: {integrity: sha512-VaFW53yt8QO61k2WJui0dHf4SlL8lxBofUuUmwBo0ljPk0Drz2TiuDW4jo3wDcv41qy/SxrJ+VAzJ/qYqsmzRw==}
    dev: false

  /lodash-es/4.17.21:
    resolution: {integrity: sha512-mKnC+QJ9pWVzv+C4/U3rRsHapFfHvQFoFB92e52xeyGMcX6/OlIl78je1u8vePzYZSkkogMPJ2yjxxsb89cxyw==}
    dev: false

  /object-inspect/1.13.2:
    resolution: {integrity: sha512-IRZSRuzJiynemAXPYtPe5BoI/RESNYR7TYm50MC5Mqbd3Jmw5y790sErYw3V6SryFJD64b74qQQs9wn5Bg/k3g==}
    engines: {node: '>= 0.4'}
    dev: false

  /pixi.js/7.2.4:
    resolution: {integrity: sha512-nBH60meoLnHxoMFz17HoMxXS4uJpG5jwIdL+Gx2S11TzWgP3iKF+/WLOTrkSdyuQoQSdIBxVqpnYii0Wiox15A==}
    dependencies:
      '@pixi/accessibility': 7.2.4_apmmhdndg7szcc4swgeztfmmb4
      '@pixi/app': 7.2.4_itsaoqwq56fcz2brnb773dvv24
      '@pixi/assets': 7.2.4_@pixi+core@7.2.4
      '@pixi/compressed-textures': 7.2.4_aghqcd5tse5cazfsjow2c4mnti
      '@pixi/core': 7.2.4
      '@pixi/display': 7.2.4_@pixi+core@7.2.4
      '@pixi/events': 7.2.4_itsaoqwq56fcz2brnb773dvv24
      '@pixi/extensions': 7.2.4
      '@pixi/extract': 7.2.4_@pixi+core@7.2.4
      '@pixi/filter-alpha': 7.2.4_@pixi+core@7.2.4
      '@pixi/filter-blur': 7.2.4_@pixi+core@7.2.4
      '@pixi/filter-color-matrix': 7.2.4_@pixi+core@7.2.4
      '@pixi/filter-displacement': 7.2.4_@pixi+core@7.2.4
      '@pixi/filter-fxaa': 7.2.4_@pixi+core@7.2.4
      '@pixi/filter-noise': 7.2.4_@pixi+core@7.2.4
      '@pixi/graphics': 7.2.4_egijvkz2mf6h4shwf5d3fpgilu
      '@pixi/mesh': 7.2.4_itsaoqwq56fcz2brnb773dvv24
      '@pixi/mesh-extras': 7.2.4_n7n5oqwl6kgh5ivuymthtudfje
      '@pixi/mixin-cache-as-bitmap': 7.2.4_egijvkz2mf6h4shwf5d3fpgilu
      '@pixi/mixin-get-child-by-name': 7.2.4_@pixi+display@7.2.4
      '@pixi/mixin-get-global-position': 7.2.4_itsaoqwq56fcz2brnb773dvv24
      '@pixi/particle-container': 7.2.4_egijvkz2mf6h4shwf5d3fpgilu
      '@pixi/prepare': 7.2.4_fce7w7a3bxhcl7pwxsiqqk5t2a
      '@pixi/sprite': 7.2.4_itsaoqwq56fcz2brnb773dvv24
      '@pixi/sprite-animated': 7.2.4_g5gcporgeyvj6eoj7ipdn3ry3a
      '@pixi/sprite-tiling': 7.2.4_egijvkz2mf6h4shwf5d3fpgilu
      '@pixi/spritesheet': 7.2.4_aghqcd5tse5cazfsjow2c4mnti
      '@pixi/text': 7.2.4_g5gcporgeyvj6eoj7ipdn3ry3a
      '@pixi/text-bitmap': 7.2.4_dsi4gm5h5qzs5nunlxaa2p7fmq
      '@pixi/text-html': 7.2.4_pfkygx3sh74zn4sfwd3cwz7as4
    transitivePeerDependencies:
      - '@pixi/utils'
    dev: false

  /punycode/1.4.1:
    resolution: {integrity: sha512-jmYNElW7yvO7TV33CjSmvSiE2yco3bV2czu/OzDKdMNVZQWfxCblURLhf+47syQRBntjfLdd/H0egrzIG+oaFQ==}
    dev: false

  /qs/6.13.0:
    resolution: {integrity: sha512-+38qI9SOr8tfZ4QmJNplMUxqjbe7LKvvZgWdExBOmd+egZTtjLB67Gu0HRX3u/XOq7UU2Nx6nsjvS16Z9uwfpg==}
    engines: {node: '>=0.6'}
    dependencies:
      side-channel: 1.0.6
    dev: false

  /set-function-length/1.2.2:
    resolution: {integrity: sha512-pgRc4hJ4/sNjWCSS9AmnS40x3bNMDTknHgL5UaMBTMyJnU90EgWh1Rz+MC9eFu4BuN/UwZjKQuY/1v3rM7HMfg==}
    engines: {node: '>= 0.4'}
    dependencies:
      define-data-property: 1.1.4
      es-errors: 1.3.0
      function-bind: 1.1.2
      get-intrinsic: 1.2.4
      gopd: 1.0.1
      has-property-descriptors: 1.0.2
    dev: false

  /side-channel/1.0.6:
    resolution: {integrity: sha512-fDW/EZ6Q9RiO8eFG8Hj+7u/oW+XrPTIChwCOM2+th2A6OblDtYYIpve9m+KvI9Z4C9qSEXlaGR6bTEYHReuglA==}
    engines: {node: '>= 0.4'}
    dependencies:
      call-bind: 1.0.7
      es-errors: 1.3.0
      get-intrinsic: 1.2.4
      object-inspect: 1.13.2
    dev: false

  /tweakpane/4.0.4:
    resolution: {integrity: sha512-RkWD54zDlEbnN01wQPk0ANHGbdCvlJx/E8A1QxhTfCbX+ROWos1Ws2MnhOm39aUGMOh+36TjUwpDmLfmwTr1Fg==}
    dev: false

  /url/0.11.4:
    resolution: {integrity: sha512-oCwdVC7mTuWiPyjLUz/COz5TLk6wgp0RCsN+wHZ2Ekneac9w8uuV0njcbbie2ME+Vs+d6duwmYuR3HgQXs1fOg==}
    engines: {node: '>= 0.4'}
    dependencies:
      punycode: 1.4.1
      qs: 6.13.0
    dev: false
